
Microsoft Visual Studio Solution File, Format Version 12.00
# Visual Studio 15
VisualStudioVersion = 15.0.26730.12
MinimumVisualStudioVersion = 10.0.40219.1
Project("{FAE04EC0-301F-11D3-BF4B-00C04F79EFBC}") = "PKeeper", "PKeeper\PKeeper.csproj", "{785D260E-2884-4656-B41E-F1AA5FA2DCF3}"
EndProject
Global
	GlobalSection(SolutionConfigurationPlatforms) = preSolution
		Debug|Any CPU = Debug|Any CPU
		Release|Any CPU = Release|Any CPU
	EndGlobalSection
	GlobalSection(ProjectConfigurationPlatforms) = postSolution
		{785D260E-2884-4656-B41E-F1AA5FA2DCF3}.Debug|Any CPU.ActiveCfg = Debug|Any CPU
		{785D260E-2884-4656-B41E-F1AA5FA2DCF3}.Debug|Any CPU.Build.0 = Debug|Any CPU
		{785D260E-2884-4656-B41E-F1AA5FA2DCF3}.Release|Any CPU.ActiveCfg = Release|Any CPU
		{785D260E-2884-4656-B41E-F1AA5FA2DCF3}.Release|Any CPU.Build.0 = Release|Any CPU
	EndGlobalSection
	GlobalSection(SolutionProperties) = preSolution
		HideSolutionNode = FALSE
	EndGlobalSection
	GlobalSection(ExtensibilityGlobals) = postSolution
		SolutionGuid = {B8EEC77B-E4D8-4AA0-8AD2-42BC46A27648}
	EndGlobalSection
EndGlobal
